
Microsoft Visual Studio Solution File, Format Version 12.00
# Visual Studio Version 16
VisualStudioVersion = 16.0.30608.117
MinimumVisualStudioVersion = 10.0.40219.1
Project("{9A19103F-16F7-4668-BE54-9A1E7A4F7556}") = "SyncfusionBlazorApp", "SyncfusionBlazorApp.csproj", "{0C689BE6-2CB1-4965-B7DA-A7FF3D2C4F3B}"
EndProject
Global
	GlobalSection(SolutionConfigurationPlatforms) = preSolution
		Debug|Any CPU = Debug|Any CPU
		Release|Any CPU = Release|Any CPU
	EndGlobalSection
	GlobalSection(ProjectConfigurationPlatforms) = postSolution
		{0C689BE6-2CB1-4965-B7DA-A7FF3D2C4F3B}.Debug|Any CPU.ActiveCfg = Debug|Any CPU
		{0C689BE6-2CB1-4965-B7DA-A7FF3D2C4F3B}.Debug|Any CPU.Build.0 = Debug|Any CPU
		{0C689BE6-2CB1-4965-B7DA-A7FF3D2C4F3B}.Release|Any CPU.ActiveCfg = Release|Any CPU
		{0C689BE6-2CB1-4965-B7DA-A7FF3D2C4F3B}.Release|Any CPU.Build.0 = Release|Any CPU
	EndGlobalSection
	GlobalSection(SolutionProperties) = preSolution
		HideSolutionNode = FALSE
	EndGlobalSection
	GlobalSection(ExtensibilityGlobals) = postSolution
		SolutionGuid = {27EEF85F-AA94-4106-AD9A-A25CF639115D}
	EndGlobalSection
EndGlobal
